
Microsoft Visual Studio Solution File, Format Version 12.00
# Visual Studio Version 17
VisualStudioVersion = 17.4.33205.214
MinimumVisualStudioVersion = 10.0.40219.1
Project("{8BC9CEB8-8B4A-11D0-8D11-00A0C91BC942}") = "WindowsProject3", "WindowsProject3\WindowsProject3.vcxproj", "{830300B6-0700-4008-BF17-E75C4FEEEBF1}"
EndProject
Global
	GlobalSection(SolutionConfigurationPlatforms) = preSolution
		Debug|x64 = Debug|x64
		Debug|x86 = Debug|x86
		Release|x64 = Release|x64
		Release|x86 = Release|x86
	EndGlobalSection
	GlobalSection(ProjectConfigurationPlatforms) = postSolution
		{830300B6-0700-4008-BF17-E75C4FEEEBF1}.Debug|x64.ActiveCfg = Debug|x64
		{830300B6-0700-4008-BF17-E75C4FEEEBF1}.Debug|x64.Build.0 = Debug|x64
		{830300B6-0700-4008-BF17-E75C4FEEEBF1}.Debug|x86.ActiveCfg = Debug|Win32
		{830300B6-0700-4008-BF17-E75C4FEEEBF1}.Debug|x86.Build.0 = Debug|Win32
		{830300B6-0700-4008-BF17-E75C4FEEEBF1}.Release|x64.ActiveCfg = Release|x64
		{830300B6-0700-4008-BF17-E75C4FEEEBF1}.Release|x64.Build.0 = Release|x64
		{830300B6-0700-4008-BF17-E75C4FEEEBF1}.Release|x86.ActiveCfg = Release|Win32
		{830300B6-0700-4008-BF17-E75C4FEEEBF1}.Release|x86.Build.0 = Release|Win32
	EndGlobalSection
	GlobalSection(SolutionProperties) = preSolution
		HideSolutionNode = FALSE
	EndGlobalSection
	GlobalSection(ExtensibilityGlobals) = postSolution
		SolutionGuid = {1AA67F48-FEB3-48E1-9BF3-004D2A3FF3C7}
	EndGlobalSection
EndGlobal
